
Microsoft Visual Studio Solution File, Format Version 12.00
Project("{FAE04EC0-301F-11D3-BF4B-00C04F79EFBC}") = "OmniChat.Domain", "OmniChat.Domain\OmniChat.Domain.csproj", "{A9782E64-E713-4921-921C-6D843EF8035D}"
EndProject
Project("{FAE04EC0-301F-11D3-BF4B-00C04F79EFBC}") = "OmniChat.Application", "OmniChat.Application\OmniChat.Application.csproj", "{E5071317-8A06-4D53-8B42-3095DD8E17E4}"
EndProject
Project("{FAE04EC0-301F-11D3-BF4B-00C04F79EFBC}") = "OmniChat.Infrastructure", "OmniChat.Infrastructure\OmniChat.Infrastructure.csproj", "{FCEF9237-9850-4B1C-AFC7-B3F28EFB75C3}"
EndProject
Project("{FAE04EC0-301F-11D3-BF4B-00C04F79EFBC}") = "OmniChat.API", "OmniChat.API\OmniChat.API.csproj", "{47907E39-9A96-431E-89A5-01CE9C68D8EB}"
EndProject
Project("{FAE04EC0-301F-11D3-BF4B-00C04F79EFBC}") = "OmniChat.WebUI", "OmniChat.WebUI\OmniChat.WebUI.csproj", "{C3EE2AA2-979D-4DBD-9F21-5D7FB7E1006D}"
EndProject
Project("{FAE04EC0-301F-11D3-BF4B-00C04F79EFBC}") = "OmniChat.Shared", "OmniChat.Shared\OmniChat.Shared.csproj", "{0180CBC9-9351-4598-A8FF-D5EFE33DB9F7}"
EndProject
Project("{FAE04EC0-301F-11D3-BF4B-00C04F79EFBC}") = "OmniChat.Client", "OmniChat.Client\OmniChat.Client.csproj", "{0C8331E8-9F7B-419F-B5E7-6ED9BCF48828}"
EndProject
Global
	GlobalSection(SolutionConfigurationPlatforms) = preSolution
		Debug|Any CPU = Debug|Any CPU
		Release|Any CPU = Release|Any CPU
	EndGlobalSection
	GlobalSection(ProjectConfigurationPlatforms) = postSolution
		{A9782E64-E713-4921-921C-6D843EF8035D}.Debug|Any CPU.ActiveCfg = Debug|Any CPU
		{A9782E64-E713-4921-921C-6D843EF8035D}.Debug|Any CPU.Build.0 = Debug|Any CPU
		{A9782E64-E713-4921-921C-6D843EF8035D}.Release|Any CPU.ActiveCfg = Release|Any CPU
		{A9782E64-E713-4921-921C-6D843EF8035D}.Release|Any CPU.Build.0 = Release|Any CPU
		{E5071317-8A06-4D53-8B42-3095DD8E17E4}.Debug|Any CPU.ActiveCfg = Debug|Any CPU
		{E5071317-8A06-4D53-8B42-3095DD8E17E4}.Debug|Any CPU.Build.0 = Debug|Any CPU
		{E5071317-8A06-4D53-8B42-3095DD8E17E4}.Release|Any CPU.ActiveCfg = Release|Any CPU
		{E5071317-8A06-4D53-8B42-3095DD8E17E4}.Release|Any CPU.Build.0 = Release|Any CPU
		{FCEF9237-9850-4B1C-AFC7-B3F28EFB75C3}.Debug|Any CPU.ActiveCfg = Debug|Any CPU
		{FCEF9237-9850-4B1C-AFC7-B3F28EFB75C3}.Debug|Any CPU.Build.0 = Debug|Any CPU
		{FCEF9237-9850-4B1C-AFC7-B3F28EFB75C3}.Release|Any CPU.ActiveCfg = Release|Any CPU
		{FCEF9237-9850-4B1C-AFC7-B3F28EFB75C3}.Release|Any CPU.Build.0 = Release|Any CPU
		{47907E39-9A96-431E-89A5-01CE9C68D8EB}.Debug|Any CPU.ActiveCfg = Debug|Any CPU
		{47907E39-9A96-431E-89A5-01CE9C68D8EB}.Debug|Any CPU.Build.0 = Debug|Any CPU
		{47907E39-9A96-431E-89A5-01CE9C68D8EB}.Release|Any CPU.ActiveCfg = Release|Any CPU
		{47907E39-9A96-431E-89A5-01CE9C68D8EB}.Release|Any CPU.Build.0 = Release|Any CPU
		{C3EE2AA2-979D-4DBD-9F21-5D7FB7E1006D}.Debug|Any CPU.ActiveCfg = Debug|Any CPU
		{C3EE2AA2-979D-4DBD-9F21-5D7FB7E1006D}.Debug|Any CPU.Build.0 = Debug|Any CPU
		{C3EE2AA2-979D-4DBD-9F21-5D7FB7E1006D}.Release|Any CPU.ActiveCfg = Release|Any CPU
		{C3EE2AA2-979D-4DBD-9F21-5D7FB7E1006D}.Release|Any CPU.Build.0 = Release|Any CPU
		{0180CBC9-9351-4598-A8FF-D5EFE33DB9F7}.Debug|Any CPU.ActiveCfg = Debug|Any CPU
		{0180CBC9-9351-4598-A8FF-D5EFE33DB9F7}.Debug|Any CPU.Build.0 = Debug|Any CPU
		{0180CBC9-9351-4598-A8FF-D5EFE33DB9F7}.Release|Any CPU.ActiveCfg = Release|Any CPU
		{0180CBC9-9351-4598-A8FF-D5EFE33DB9F7}.Release|Any CPU.Build.0 = Release|Any CPU
		{0C8331E8-9F7B-419F-B5E7-6ED9BCF48828}.Debug|Any CPU.ActiveCfg = Debug|Any CPU
		{0C8331E8-9F7B-419F-B5E7-6ED9BCF48828}.Debug|Any CPU.Build.0 = Debug|Any CPU
		{0C8331E8-9F7B-419F-B5E7-6ED9BCF48828}.Release|Any CPU.ActiveCfg = Release|Any CPU
		{0C8331E8-9F7B-419F-B5E7-6ED9BCF48828}.Release|Any CPU.Build.0 = Release|Any CPU
	EndGlobalSection
EndGlobal
